
Microsoft Visual Studio Solution File, Format Version 12.00
# Visual Studio Version 17
VisualStudioVersion = 17.2.32526.322
MinimumVisualStudioVersion = 10.0.40219.1
Project("{FAE04EC0-301F-11D3-BF4B-00C04F79EFBC}") = "ImcPet", "ImcPet\ImcPet.csproj", "{CA4D7D25-FCA3-43C2-AC3C-257719ABBA28}"
EndProject
Global
	GlobalSection(SolutionConfigurationPlatforms) = preSolution
		Debug|Any CPU = Debug|Any CPU
		Release|Any CPU = Release|Any CPU
	EndGlobalSection
	GlobalSection(ProjectConfigurationPlatforms) = postSolution
		{CA4D7D25-FCA3-43C2-AC3C-257719ABBA28}.Debug|Any CPU.ActiveCfg = Debug|Any CPU
		{CA4D7D25-FCA3-43C2-AC3C-257719ABBA28}.Debug|Any CPU.Build.0 = Debug|Any CPU
		{CA4D7D25-FCA3-43C2-AC3C-257719ABBA28}.Release|Any CPU.ActiveCfg = Release|Any CPU
		{CA4D7D25-FCA3-43C2-AC3C-257719ABBA28}.Release|Any CPU.Build.0 = Release|Any CPU
	EndGlobalSection
	GlobalSection(SolutionProperties) = preSolution
		HideSolutionNode = FALSE
	EndGlobalSection
	GlobalSection(ExtensibilityGlobals) = postSolution
		SolutionGuid = {2D16FD38-1030-40EB-85DA-542BF8F71F91}
	EndGlobalSection
EndGlobal
